// !$*UTF8*$!
{
	archiveVersion = 1;
	classes = {
	};
	objectVersion = 50;
	objects = {

/* Begin PBXBuildFile section */
		9163C32824AF6AE700807E4E /* ListSupplementaryHeader.swift in Sources */ = {isa = PBXBuildFile; fileRef = 9163C32724AF6AE700807E4E /* ListSupplementaryHeader.swift */; };
		9163C32A24AF6B0B00807E4E /* ListSupplementaryFooter.swift in Sources */ = {isa = PBXBuildFile; fileRef = 9163C32924AF6B0B00807E4E /* ListSupplementaryFooter.swift */; };
		9163C32C24AF7D5800807E4E /* CollectionListViewCell.swift in Sources */ = {isa = PBXBuildFile; fileRef = 9163C32B24AF7D5800807E4E /* CollectionListViewCell.swift */; };
		E3A1854822CAF22C00F4D06C /* AppDelegate.swift in Sources */ = {isa = PBXBuildFile; fileRef = E3A1854722CAF22C00F4D06C /* AppDelegate.swift */; };
		E3A1854C22CAF22C00F4D06C /* ViewController.swift in Sources */ = {isa = PBXBuildFile; fileRef = E3A1854B22CAF22C00F4D06C /* ViewController.swift */; };
		E3A1854F22CAF22C00F4D06C /* Main.storyboard in Resources */ = {isa = PBXBuildFile; fileRef = E3A1854D22CAF22C00F4D06C /* Main.storyboard */; };
		E3A1855122CAF22F00F4D06C /* Assets.xcassets in Resources */ = {isa = PBXBuildFile; fileRef = E3A1855022CAF22F00F4D06C /* Assets.xcassets */; };
		E3A1855422CAF22F00F4D06C /* LaunchScreen.storyboard in Resources */ = {isa = PBXBuildFile; fileRef = E3A1855222CAF22F00F4D06C /* LaunchScreen.storyboard */; };
		E3A1855F22CAF22F00F4D06C /* DiffableDataSourceTests.swift in Sources */ = {isa = PBXBuildFile; fileRef = E3A1855E22CAF22F00F4D06C /* DiffableDataSourceTests.swift */; };
		E3A1856F22CAF36200F4D06C /* TableViewController.swift in Sources */ = {isa = PBXBuildFile; fileRef = E3A1856E22CAF36200F4D06C /* TableViewController.swift */; };
		E3A1857122CAF38300F4D06C /* CollectionViewController.swift in Sources */ = {isa = PBXBuildFile; fileRef = E3A1857022CAF38300F4D06C /* CollectionViewController.swift */; };
		E3A1857522CAF5BB00F4D06C /* Country.swift in Sources */ = {isa = PBXBuildFile; fileRef = E3A1857422CAF5BB00F4D06C /* Country.swift */; };
		E3A1857722CB103500F4D06C /* SceneDelegate.swift in Sources */ = {isa = PBXBuildFile; fileRef = E3A1857622CB103500F4D06C /* SceneDelegate.swift */; };
/* End PBXBuildFile section */

/* Begin PBXContainerItemProxy section */
		E3A1855B22CAF22F00F4D06C /* PBXContainerItemProxy */ = {
			isa = PBXContainerItemProxy;
			containerPortal = E3A1853C22CAF22C00F4D06C /* Project object */;
			proxyType = 1;
			remoteGlobalIDString = E3A1854322CAF22C00F4D06C;
			remoteInfo = DiffableDataSource;
		};
/* End PBXContainerItemProxy section */

/* Begin PBXFileReference section */
		9163C32724AF6AE700807E4E /* ListSupplementaryHeader.swift */ = {isa = PBXFileReference; lastKnownFileType = sourcecode.swift; path = ListSupplementaryHeader.swift; sourceTree = "<group>"; };
		9163C32924AF6B0B00807E4E /* ListSupplementaryFooter.swift */ = {isa = PBXFileReference; lastKnownFileType = sourcecode.swift; path = ListSupplementaryFooter.swift; sourceTree = "<group>"; };
		9163C32B24AF7D5800807E4E /* CollectionListViewCell.swift */ = {isa = PBXFileReference; lastKnownFileType = sourcecode.swift; path = CollectionListViewCell.swift; sourceTree = "<group>"; };
		E3A1854422CAF22C00F4D06C /* DiffableDataSource.app */ = {isa = PBXFileReference; explicitFileType = wrapper.application; includeInIndex = 0; path = DiffableDataSource.app; sourceTree = BUILT_PRODUCTS_DIR; };
		E3A1854722CAF22C00F4D06C /* AppDelegate.swift */ = {isa = PBXFileReference; lastKnownFileType = sourcecode.swift; path = AppDelegate.swift; sourceTree = "<group>"; };
		E3A1854B22CAF22C00F4D06C /* ViewController.swift */ = {isa = PBXFileReference; lastKnownFileType = sourcecode.swift; path = ViewController.swift; sourceTree = "<group>"; };
		E3A1854E22CAF22C00F4D06C /* Base */ = {isa = PBXFileReference; lastKnownFileType = file.storyboard; name = Base; path = Base.lproj/Main.storyboard; sourceTree = "<group>"; };
		E3A1855022CAF22F00F4D06C /* Assets.xcassets */ = {isa = PBXFileReference; lastKnownFileType = folder.assetcatalog; path = Assets.xcassets; sourceTree = "<group>"; };
		E3A1855322CAF22F00F4D06C /* Base */ = {isa = PBXFileReference; lastKnownFileType = file.storyboard; name = Base; path = Base.lproj/LaunchScreen.storyboard; sourceTree = "<group>"; };
		E3A1855522CAF22F00F4D06C /* Info.plist */ = {isa = PBXFileReference; lastKnownFileType = text.plist.xml; path = Info.plist; sourceTree = "<group>"; };
		E3A1855A22CAF22F00F4D06C /* DiffableDataSourceTests.xctest */ = {isa = PBXFileReference; explicitFileType = wrapper.cfbundle; includeInIndex = 0; path = DiffableDataSourceTests.xctest; sourceTree = BUILT_PRODUCTS_DIR; };
		E3A1855E22CAF22F00F4D06C /* DiffableDataSourceTests.swift */ = {isa = PBXFileReference; lastKnownFileType = sourcecode.swift; path = DiffableDataSourceTests.swift; sourceTree = "<group>"; };
		E3A1856022CAF22F00F4D06C /* Info.plist */ = {isa = PBXFileReference; lastKnownFileType = text.plist.xml; path = Info.plist; sourceTree = "<group>"; };
		E3A1856E22CAF36200F4D06C /* TableViewController.swift */ = {isa = PBXFileReference; lastKnownFileType = sourcecode.swift; path = TableViewController.swift; sourceTree = "<group>"; };
		E3A1857022CAF38300F4D06C /* CollectionViewController.swift */ = {isa = PBXFileReference; lastKnownFileType = sourcecode.swift; path = CollectionViewController.swift; sourceTree = "<group>"; };
		E3A1857422CAF5BB00F4D06C /* Country.swift */ = {isa = PBXFileReference; lastKnownFileType = sourcecode.swift; path = Country.swift; sourceTree = "<group>"; };
		E3A1857622CB103500F4D06C /* SceneDelegate.swift */ = {isa = PBXFileReference; fileEncoding = 4; lastKnownFileType = sourcecode.swift; path = SceneDelegate.swift; sourceTree = "<group>"; };
/* End PBXFileReference section */

/* Begin PBXFrameworksBuildPhase section */
		E3A1854122CAF22C00F4D06C /* Frameworks */ = {
			isa = PBXFrameworksBuildPhase;
			buildActionMask = 2147483647;
			files = (
			);
			runOnlyForDeploymentPostprocessing = 0;
		};
		E3A1855722CAF22F00F4D06C /* Frameworks */ = {
			isa = PBXFrameworksBuildPhase;
			buildActionMask = 2147483647;
			files = (
			);
			runOnlyForDeploymentPostprocessing = 0;
		};
/* End PBXFrameworksBuildPhase section */

/* Begin PBXGroup section */
		9163C32524AF6AA700807E4E /* ListSupplementaryHeader */ = {
			isa = PBXGroup;
			children = (
				9163C32724AF6AE700807E4E /* ListSupplementaryHeader.swift */,
			);
			path = ListSupplementaryHeader;
			sourceTree = "<group>";
		};
		9163C32624AF6AB500807E4E /* ListSupplementaryFooter */ = {
			isa = PBXGroup;
			children = (
				9163C32924AF6B0B00807E4E /* ListSupplementaryFooter.swift */,
			);
			path = ListSupplementaryFooter;
			sourceTree = "<group>";
		};
		E3A1853B22CAF22C00F4D06C = {
			isa = PBXGroup;
			children = (
				E3A1854622CAF22C00F4D06C /* DiffableDataSource */,
				E3A1855D22CAF22F00F4D06C /* DiffableDataSourceTests */,
				E3A1854522CAF22C00F4D06C /* Products */,
			);
			sourceTree = "<group>";
		};
		E3A1854522CAF22C00F4D06C /* Products */ = {
			isa = PBXGroup;
			children = (
				E3A1854422CAF22C00F4D06C /* DiffableDataSource.app */,
				E3A1855A22CAF22F00F4D06C /* DiffableDataSourceTests.xctest */,
			);
			name = Products;
			sourceTree = "<group>";
		};
		E3A1854622CAF22C00F4D06C /* DiffableDataSource */ = {
			isa = PBXGroup;
			children = (
				E3A1857322CAF5B000F4D06C /* Models */,
				E3A1856922CAF31F00F4D06C /* Screens */,
				E3A1854722CAF22C00F4D06C /* AppDelegate.swift */,
				E3A1854B22CAF22C00F4D06C /* ViewController.swift */,
				E3A1854D22CAF22C00F4D06C /* Main.storyboard */,
				E3A1857622CB103500F4D06C /* SceneDelegate.swift */,
				E3A1855022CAF22F00F4D06C /* Assets.xcassets */,
				E3A1855222CAF22F00F4D06C /* LaunchScreen.storyboard */,
				E3A1855522CAF22F00F4D06C /* Info.plist */,
			);
			path = DiffableDataSource;
			sourceTree = "<group>";
		};
		E3A1855D22CAF22F00F4D06C /* DiffableDataSourceTests */ = {
			isa = PBXGroup;
			children = (
				E3A1855E22CAF22F00F4D06C /* DiffableDataSourceTests.swift */,
				E3A1856022CAF22F00F4D06C /* Info.plist */,
			);
			path = DiffableDataSourceTests;
			sourceTree = "<group>";
		};
		E3A1856922CAF31F00F4D06C /* Screens */ = {
			isa = PBXGroup;
			children = (
				9163C32624AF6AB500807E4E /* ListSupplementaryFooter */,
				9163C32524AF6AA700807E4E /* ListSupplementaryHeader */,
				E3A1856B22CAF33100F4D06C /* CollectionView */,
				E3A1856A22CAF32700F4D06C /* TableView */,
			);
			path = Screens;
			sourceTree = "<group>";
		};
		E3A1856A22CAF32700F4D06C /* TableView */ = {
			isa = PBXGroup;
			children = (
				E3A1856E22CAF36200F4D06C /* TableViewController.swift */,
			);
			path = TableView;
			sourceTree = "<group>";
		};
		E3A1856B22CAF33100F4D06C /* CollectionView */ = {
			isa = PBXGroup;
			children = (
				9163C32B24AF7D5800807E4E /* CollectionListViewCell.swift */,
				E3A1857022CAF38300F4D06C /* CollectionViewController.swift */,
			);
			path = CollectionView;
			sourceTree = "<group>";
		};
		E3A1857322CAF5B000F4D06C /* Models */ = {
			isa = PBXGroup;
			children = (
				E3A1857422CAF5BB00F4D06C /* Country.swift */,
			);
			path = Models;
			sourceTree = "<group>";
		};
/* End PBXGroup section */

/* Begin PBXNativeTarget section */
		E3A1854322CAF22C00F4D06C /* DiffableDataSource */ = {
			isa = PBXNativeTarget;
			buildConfigurationList = E3A1856322CAF22F00F4D06C /* Build configuration list for PBXNativeTarget "DiffableDataSource" */;
			buildPhases = (
				E3A1854022CAF22C00F4D06C /* Sources */,
				E3A1854122CAF22C00F4D06C /* Frameworks */,
				E3A1854222CAF22C00F4D06C /* Resources */,
			);
			buildRules = (
			);
			dependencies = (
			);
			name = DiffableDataSource;
			productName = DiffableDataSource;
			productReference = E3A1854422CAF22C00F4D06C /* DiffableDataSource.app */;
			productType = "com.apple.product-type.application";
		};
		E3A1855922CAF22F00F4D06C /* DiffableDataSourceTests */ = {
			isa = PBXNativeTarget;
			buildConfigurationList = E3A1856622CAF22F00F4D06C /* Build configuration list for PBXNativeTarget "DiffableDataSourceTests" */;
			buildPhases = (
				E3A1855622CAF22F00F4D06C /* Sources */,
				E3A1855722CAF22F00F4D06C /* Frameworks */,
				E3A1855822CAF22F00F4D06C /* Resources */,
			);
			buildRules = (
			);
			dependencies = (
				E3A1855C22CAF22F00F4D06C /* PBXTargetDependency */,
			);
			name = DiffableDataSourceTests;
			productName = DiffableDataSourceTests;
			productReference = E3A1855A22CAF22F00F4D06C /* DiffableDataSourceTests.xctest */;
			productType = "com.apple.product-type.bundle.unit-test";
		};
/* End PBXNativeTarget section */

/* Begin PBXProject section */
		E3A1853C22CAF22C00F4D06C /* Project object */ = {
			isa = PBXProject;
			attributes = {
				LastSwiftUpdateCheck = 1100;
				LastUpgradeCheck = 1100;
				ORGANIZATIONNAME = "Jayesh Kawli";
				TargetAttributes = {
					E3A1854322CAF22C00F4D06C = {
						CreatedOnToolsVersion = 11.0;
					};
					E3A1855922CAF22F00F4D06C = {
						CreatedOnToolsVersion = 11.0;
						TestTargetID = E3A1854322CAF22C00F4D06C;
					};
				};
			};
			buildConfigurationList = E3A1853F22CAF22C00F4D06C /* Build configuration list for PBXProject "DiffableDataSource" */;
			compatibilityVersion = "Xcode 9.3";
			developmentRegion = en;
			hasScannedForEncodings = 0;
			knownRegions = (
				en,
				Base,
			);
			mainGroup = E3A1853B22CAF22C00F4D06C;
			productRefGroup = E3A1854522CAF22C00F4D06C /* Products */;
			projectDirPath = "";
			projectRoot = "";
			targets = (
				E3A1854322CAF22C00F4D06C /* DiffableDataSource */,
				E3A1855922CAF22F00F4D06C /* DiffableDataSourceTests */,
			);
		};
/* End PBXProject section */

/* Begin PBXResourcesBuildPhase section */
		E3A1854222CAF22C00F4D06C /* Resources */ = {
			isa = PBXResourcesBuildPhase;
			buildActionMask = 2147483647;
			files = (
				E3A1855422CAF22F00F4D06C /* LaunchScreen.storyboard in Resources */,
				E3A1855122CAF22F00F4D06C /* Assets.xcassets in Resources */,
				E3A1854F22CAF22C00F4D06C /* Main.storyboard in Resources */,
			);
			runOnlyForDeploymentPostprocessing = 0;
		};
		E3A1855822CAF22F00F4D06C /* Resources */ = {
			isa = PBXResourcesBuildPhase;
			buildActionMask = 2147483647;
			files = (
			);
			runOnlyForDeploymentPostprocessing = 0;
		};
/* End PBXResourcesBuildPhase section */

/* Begin PBXSourcesBuildPhase section */
		E3A1854022CAF22C00F4D06C /* Sources */ = {
			isa = PBXSourcesBuildPhase;
			buildActionMask = 2147483647;
			files = (
				9163C32A24AF6B0B00807E4E /* ListSupplementaryFooter.swift in Sources */,
				E3A1857522CAF5BB00F4D06C /* Country.swift in Sources */,
				E3A1857722CB103500F4D06C /* SceneDelegate.swift in Sources */,
				E3A1857122CAF38300F4D06C /* CollectionViewController.swift in Sources */,
				E3A1854C22CAF22C00F4D06C /* ViewController.swift in Sources */,
				9163C32C24AF7D5800807E4E /* CollectionListViewCell.swift in Sources */,
				9163C32824AF6AE700807E4E /* ListSupplementaryHeader.swift in Sources */,
				E3A1854822CAF22C00F4D06C /* AppDelegate.swift in Sources */,
				E3A1856F22CAF36200F4D06C /* TableViewController.swift in Sources */,
			);
			runOnlyForDeploymentPostprocessing = 0;
		};
		E3A1855622CAF22F00F4D06C /* Sources */ = {
			isa = PBXSourcesBuildPhase;
			buildActionMask = 2147483647;
			files = (
				E3A1855F22CAF22F00F4D06C /* DiffableDataSourceTests.swift in Sources */,
			);
			runOnlyForDeploymentPostprocessing = 0;
		};
/* End PBXSourcesBuildPhase section */

/* Begin PBXTargetDependency section */
		E3A1855C22CAF22F00F4D06C /* PBXTargetDependency */ = {
			isa = PBXTargetDependency;
			target = E3A1854322CAF22C00F4D06C /* DiffableDataSource */;
			targetProxy = E3A1855B22CAF22F00F4D06C /* PBXContainerItemProxy */;
		};
/* End PBXTargetDependency section */

/* Begin PBXVariantGroup section */
		E3A1854D22CAF22C00F4D06C /* Main.storyboard */ = {
			isa = PBXVariantGroup;
			children = (
				E3A1854E22CAF22C00F4D06C /* Base */,
			);
			name = Main.storyboard;
			sourceTree = "<group>";
		};
		E3A1855222CAF22F00F4D06C /* LaunchScreen.storyboard */ = {
			isa = PBXVariantGroup;
			children = (
				E3A1855322CAF22F00F4D06C /* Base */,
			);
			name = LaunchScreen.storyboard;
			sourceTree = "<group>";
		};
/* End PBXVariantGroup section */

/* Begin XCBuildConfiguration section */
		E3A1856122CAF22F00F4D06C /* Debug */ = {
			isa = XCBuildConfiguration;
			buildSettings = {
				ALWAYS_SEARCH_USER_PATHS = NO;
				CLANG_ANALYZER_NONNULL = YES;
				CLANG_ANALYZER_NUMBER_OBJECT_CONVERSION = YES_AGGRESSIVE;
				CLANG_CXX_LANGUAGE_STANDARD = "gnu++14";
				CLANG_CXX_LIBRARY = "libc++";
				CLANG_ENABLE_MODULES = YES;
				CLANG_ENABLE_OBJC_ARC = YES;
				CLANG_ENABLE_OBJC_WEAK = YES;
				CLANG_WARN_BLOCK_CAPTURE_AUTORELEASING = YES;
				CLANG_WARN_BOOL_CONVERSION = YES;
				CLANG_WARN_COMMA = YES;
				CLANG_WARN_CONSTANT_CONVERSION = YES;
				CLANG_WARN_DEPRECATED_OBJC_IMPLEMENTATIONS = YES;
				CLANG_WARN_DIRECT_OBJC_ISA_USAGE = YES_ERROR;
				CLANG_WARN_DOCUMENTATION_COMMENTS = YES;
				CLANG_WARN_EMPTY_BODY = YES;
				CLANG_WARN_ENUM_CONVERSION = YES;
				CLANG_WARN_INFINITE_RECURSION = YES;
				CLANG_WARN_INT_CONVERSION = YES;
				CLANG_WARN_NON_LITERAL_NULL_CONVERSION = YES;
				CLANG_WARN_OBJC_IMPLICIT_RETAIN_SELF = YES;
				CLANG_WARN_OBJC_LITERAL_CONVERSION = YES;
				CLANG_WARN_OBJC_ROOT_CLASS = YES_ERROR;
				CLANG_WARN_RANGE_LOOP_ANALYSIS = YES;
				CLANG_WARN_STRICT_PROTOTYPES = YES;
				CLANG_WARN_SUSPICIOUS_MOVE = YES;
				CLANG_WARN_UNGUARDED_AVAILABILITY = YES_AGGRESSIVE;
				CLANG_WARN_UNREACHABLE_CODE = YES;
				CLANG_WARN__DUPLICATE_METHOD_MATCH = YES;
				COPY_PHASE_STRIP = NO;
				DEBUG_INFORMATION_FORMAT = dwarf;
				ENABLE_STRICT_OBJC_MSGSEND = YES;
				ENABLE_TESTABILITY = YES;
				GCC_C_LANGUAGE_STANDARD = gnu11;
				GCC_DYNAMIC_NO_PIC = NO;
				GCC_NO_COMMON_BLOCKS = YES;
				GCC_OPTIMIZATION_LEVEL = 0;
				GCC_PREPROCESSOR_DEFINITIONS = (
					"DEBUG=1",
					"$(inherited)",
				);
				GCC_WARN_64_TO_32_BIT_CONVERSION = YES;
				GCC_WARN_ABOUT_RETURN_TYPE = YES_ERROR;
				GCC_WARN_UNDECLARED_SELECTOR = YES;
				GCC_WARN_UNINITIALIZED_AUTOS = YES_AGGRESSIVE;
				GCC_WARN_UNUSED_FUNCTION = YES;
				GCC_WARN_UNUSED_VARIABLE = YES;
				IPHONEOS_DEPLOYMENT_TARGET = 12.3;
				MTL_ENABLE_DEBUG_INFO = INCLUDE_SOURCE;
				MTL_FAST_MATH = YES;
				ONLY_ACTIVE_ARCH = YES;
				SDKROOT = iphoneos;
				SWIFT_ACTIVE_COMPILATION_CONDITIONS = DEBUG;
				SWIFT_OPTIMIZATION_LEVEL = "-Onone";
			};
			name = Debug;
		};
		E3A1856222CAF22F00F4D06C /* Release */ = {
			isa = XCBuildConfiguration;
			buildSettings = {
				ALWAYS_SEARCH_USER_PATHS = NO;
				CLANG_ANALYZER_NONNULL = YES;
				CLANG_ANALYZER_NUMBER_OBJECT_CONVERSION = YES_AGGRESSIVE;
				CLANG_CXX_LANGUAGE_STANDARD = "gnu++14";
				CLANG_CXX_LIBRARY = "libc++";
				CLANG_ENABLE_MODULES = YES;
				CLANG_ENABLE_OBJC_ARC = YES;
				CLANG_ENABLE_OBJC_WEAK = YES;
				CLANG_WARN_BLOCK_CAPTURE_AUTORELEASING = YES;
				CLANG_WARN_BOOL_CONVERSION = YES;
				CLANG_WARN_COMMA = YES;
				CLANG_WARN_CONSTANT_CONVERSION = YES;
				CLANG_WARN_DEPRECATED_OBJC_IMPLEMENTATIONS = YES;
				CLANG_WARN_DIRECT_OBJC_ISA_USAGE = YES_ERROR;
				CLANG_WARN_DOCUMENTATION_COMMENTS = YES;
				CLANG_WARN_EMPTY_BODY = YES;
				CLANG_WARN_ENUM_CONVERSION = YES;
				CLANG_WARN_INFINITE_RECURSION = YES;
				CLANG_WARN_INT_CONVERSION = YES;
				CLANG_WARN_NON_LITERAL_NULL_CONVERSION = YES;
				CLANG_WARN_OBJC_IMPLICIT_RETAIN_SELF = YES;
				CLANG_WARN_OBJC_LITERAL_CONVERSION = YES;
				CLANG_WARN_OBJC_ROOT_CLASS = YES_ERROR;
				CLANG_WARN_RANGE_LOOP_ANALYSIS = YES;
				CLANG_WARN_STRICT_PROTOTYPES = YES;
				CLANG_WARN_SUSPICIOUS_MOVE = YES;
				CLANG_WARN_UNGUARDED_AVAILABILITY = YES_AGGRESSIVE;
				CLANG_WARN_UNREACHABLE_CODE = YES;
				CLANG_WARN__DUPLICATE_METHOD_MATCH = YES;
				COPY_PHASE_STRIP = NO;
				DEBUG_INFORMATION_FORMAT = "dwarf-with-dsym";
				ENABLE_NS_ASSERTIONS = NO;
				ENABLE_STRICT_OBJC_MSGSEND = YES;
				GCC_C_LANGUAGE_STANDARD = gnu11;
				GCC_NO_COMMON_BLOCKS = YES;
				GCC_WARN_64_TO_32_BIT_CONVERSION = YES;
				GCC_WARN_ABOUT_RETURN_TYPE = YES_ERROR;
				GCC_WARN_UNDECLARED_SELECTOR = YES;
				GCC_WARN_UNINITIALIZED_AUTOS = YES_AGGRESSIVE;
				GCC_WARN_UNUSED_FUNCTION = YES;
				GCC_WARN_UNUSED_VARIABLE = YES;
				IPHONEOS_DEPLOYMENT_TARGET = 12.3;
				MTL_ENABLE_DEBUG_INFO = NO;
				MTL_FAST_MATH = YES;
				SDKROOT = iphoneos;
				SWIFT_COMPILATION_MODE = wholemodule;
				SWIFT_OPTIMIZATION_LEVEL = "-O";
				VALIDATE_PRODUCT = YES;
			};
			name = Release;
		};
		E3A1856422CAF22F00F4D06C /* Debug */ = {
			isa = XCBuildConfiguration;
			buildSettings = {
				ASSETCATALOG_COMPILER_APPICON_NAME = AppIcon;
				CODE_SIGN_STYLE = Automatic;
				INFOPLIST_FILE = DiffableDataSource/Info.plist;
				IPHONEOS_DEPLOYMENT_TARGET = 14.0;
				LD_RUNPATH_SEARCH_PATHS = (
					"$(inherited)",
					"@executable_path/Frameworks",
				);
				PRODUCT_BUNDLE_IDENTIFIER = WF.DiffableDataSource;
				PRODUCT_NAME = "$(TARGET_NAME)";
				SWIFT_VERSION = 5.0;
				TARGETED_DEVICE_FAMILY = 1;
			};
			name = Debug;
		};
		E3A1856522CAF22F00F4D06C /* Release */ = {
			isa = XCBuildConfiguration;
			buildSettings = {
				ASSETCATALOG_COMPILER_APPICON_NAME = AppIcon;
				CODE_SIGN_STYLE = Automatic;
				INFOPLIST_FILE = DiffableDataSource/Info.plist;
				IPHONEOS_DEPLOYMENT_TARGET = 14.0;
				LD_RUNPATH_SEARCH_PATHS = (
					"$(inherited)",
					"@executable_path/Frameworks",
				);
				PRODUCT_BUNDLE_IDENTIFIER = WF.DiffableDataSource;
				PRODUCT_NAME = "$(TARGET_NAME)";
				SWIFT_VERSION = 5.0;
				TARGETED_DEVICE_FAMILY = 1;
			};
			name = Release;
		};
		E3A1856722CAF22F00F4D06C /* Debug */ = {
			isa = XCBuildConfiguration;
			buildSettings = {
				ALWAYS_EMBED_SWIFT_STANDARD_LIBRARIES = YES;
				BUNDLE_LOADER = "$(TEST_HOST)";
				CODE_SIGN_STYLE = Automatic;
				INFOPLIST_FILE = DiffableDataSourceTests/Info.plist;
				LD_RUNPATH_SEARCH_PATHS = (
					"$(inherited)",
					"@executable_path/Frameworks",
					"@loader_path/Frameworks",
				);
				PRODUCT_BUNDLE_IDENTIFIER = WF.DiffableDataSourceTests;
				PRODUCT_NAME = "$(TARGET_NAME)";
				SWIFT_VERSION = 5.0;
				TARGETED_DEVICE_FAMILY = "1,2";
				TEST_HOST = "$(BUILT_PRODUCTS_DIR)/DiffableDataSource.app/DiffableDataSource";
			};
			name = Debug;
		};
		E3A1856822CAF22F00F4D06C /* Release */ = {
			isa = XCBuildConfiguration;
			buildSettings = {
				ALWAYS_EMBED_SWIFT_STANDARD_LIBRARIES = YES;
				BUNDLE_LOADER = "$(TEST_HOST)";
				CODE_SIGN_STYLE = Automatic;
				INFOPLIST_FILE = DiffableDataSourceTests/Info.plist;
				LD_RUNPATH_SEARCH_PATHS = (
					"$(inherited)",
					"@executable_path/Frameworks",
					"@loader_path/Frameworks",
				);
				PRODUCT_BUNDLE_IDENTIFIER = WF.DiffableDataSourceTests;
				PRODUCT_NAME = "$(TARGET_NAME)";
				SWIFT_VERSION = 5.0;
				TARGETED_DEVICE_FAMILY = "1,2";
				TEST_HOST = "$(BUILT_PRODUCTS_DIR)/DiffableDataSource.app/DiffableDataSource";
			};
			name = Release;
		};
/* End XCBuildConfiguration section */

/* Begin XCConfigurationList section */
		E3A1853F22CAF22C00F4D06C /* Build configuration list for PBXProject "DiffableDataSource" */ = {
			isa = XCConfigurationList;
			buildConfigurations = (
				E3A1856122CAF22F00F4D06C /* Debug */,
				E3A1856222CAF22F00F4D06C /* Release */,
			);
			defaultConfigurationIsVisible = 0;
			defaultConfigurationName = Release;
		};
		E3A1856322CAF22F00F4D06C /* Build configuration list for PBXNativeTarget "DiffableDataSource" */ = {
			isa = XCConfigurationList;
			buildConfigurations = (
				E3A1856422CAF22F00F4D06C /* Debug */,
				E3A1856522CAF22F00F4D06C /* Release */,
			);
			defaultConfigurationIsVisible = 0;
			defaultConfigurationName = Release;
		};
		E3A1856622CAF22F00F4D06C /* Build configuration list for PBXNativeTarget "DiffableDataSourceTests" */ = {
			isa = XCConfigurationList;
			buildConfigurations = (
				E3A1856722CAF22F00F4D06C /* Debug */,
				E3A1856822CAF22F00F4D06C /* Release */,
			);
			defaultConfigurationIsVisible = 0;
			defaultConfigurationName = Release;
		};
/* End XCConfigurationList section */
	};
	rootObject = E3A1853C22CAF22C00F4D06C /* Project object */;
}
